
Microsoft Visual Studio Solution File, Format Version 12.00
# Visual Studio Version 16
VisualStudioVersion = 16.0.29728.190
MinimumVisualStudioVersion = 10.0.40219.1
Project("{FAE04EC0-301F-11D3-BF4B-00C04F79EFBC}") = "AssignmentPromact", "AssignmentPromact\AssignmentPromact.csproj", "{024671EC-B0B0-4261-9859-6F9B539CE2AD}"
EndProject
Global
	GlobalSection(SolutionConfigurationPlatforms) = preSolution
		Debug|Any CPU = Debug|Any CPU
		Release|Any CPU = Release|Any CPU
	EndGlobalSection
	GlobalSection(ProjectConfigurationPlatforms) = postSolution
		{024671EC-B0B0-4261-9859-6F9B539CE2AD}.Debug|Any CPU.ActiveCfg = Debug|Any CPU
		{024671EC-B0B0-4261-9859-6F9B539CE2AD}.Debug|Any CPU.Build.0 = Debug|Any CPU
		{024671EC-B0B0-4261-9859-6F9B539CE2AD}.Release|Any CPU.ActiveCfg = Release|Any CPU
		{024671EC-B0B0-4261-9859-6F9B539CE2AD}.Release|Any CPU.Build.0 = Release|Any CPU
	EndGlobalSection
	GlobalSection(SolutionProperties) = preSolution
		HideSolutionNode = FALSE
	EndGlobalSection
	GlobalSection(ExtensibilityGlobals) = postSolution
		SolutionGuid = {3C4F4846-E814-47A5-B919-FE790928BC8B}
	EndGlobalSection
EndGlobal
